
Microsoft Visual Studio Solution File, Format Version 12.00
# Visual Studio Version 17
VisualStudioVersion = 17.14.36915.13 d17.14
MinimumVisualStudioVersion = 10.0.40219.1
Project("{FAE04EC0-301F-11D3-BF4B-00C04F79EFBC}") = "CSTetris.Lib", "CSTetris.Lib\CSTetris.Lib.csproj", "{ED4AD35A-05BE-4150-B38C-B498539DE815}"
EndProject
Project("{FAE04EC0-301F-11D3-BF4B-00C04F79EFBC}") = "CSTetris.UI", "CSTetris.UI\CSTetris.UI.csproj", "{063A1EEF-3126-44D5-B00B-8AA63302E3E3}"
EndProject
Global
	GlobalSection(SolutionConfigurationPlatforms) = preSolution
		Debug|Any CPU = Debug|Any CPU
		Release|Any CPU = Release|Any CPU
	EndGlobalSection
	GlobalSection(ProjectConfigurationPlatforms) = postSolution
		{ED4AD35A-05BE-4150-B38C-B498539DE815}.Debug|Any CPU.ActiveCfg = Debug|Any CPU
		{ED4AD35A-05BE-4150-B38C-B498539DE815}.Debug|Any CPU.Build.0 = Debug|Any CPU
		{ED4AD35A-05BE-4150-B38C-B498539DE815}.Release|Any CPU.ActiveCfg = Release|Any CPU
		{ED4AD35A-05BE-4150-B38C-B498539DE815}.Release|Any CPU.Build.0 = Release|Any CPU
		{063A1EEF-3126-44D5-B00B-8AA63302E3E3}.Debug|Any CPU.ActiveCfg = Debug|Any CPU
		{063A1EEF-3126-44D5-B00B-8AA63302E3E3}.Debug|Any CPU.Build.0 = Debug|Any CPU
		{063A1EEF-3126-44D5-B00B-8AA63302E3E3}.Release|Any CPU.ActiveCfg = Release|Any CPU
		{063A1EEF-3126-44D5-B00B-8AA63302E3E3}.Release|Any CPU.Build.0 = Release|Any CPU
	EndGlobalSection
	GlobalSection(SolutionProperties) = preSolution
		HideSolutionNode = FALSE
	EndGlobalSection
	GlobalSection(ExtensibilityGlobals) = postSolution
		SolutionGuid = {505070FD-9D61-4529-B179-67CE119658D1}
	EndGlobalSection
EndGlobal
